<Solution>
  <Project Path="ShopSphere.API/ShopSphere.API.csproj" />
  <Project Path="ShopSphere.Application/ShopSphere.Application.csproj" />
  <Project Path="ShopSphere.Domain/ShopSphere.Domain.csproj" />
  <Project Path="ShopSphere.Infrastructure/ShopSphere.Infrastructure.csproj" />
  <Project Path="ShopSphere.Persistence/ShopSphere.Persistence.csproj" />
  <Project Path="ShopSphere.Tests/ShopSphere.Tests.csproj" />
  <Project Path="ShopSphere.Web/ShopSphere.Web.csproj" />
</Solution>
