<Solution>
  <Project Path="src/ShopSphere.API/ShopSphere.API.csproj" />
  <Project Path="src/ShopSphere.Application/ShopSphere.Application.csproj" />
  <Project Path="src/ShopSphere.Domain/ShopSphere.Domain.csproj" />
  <Project Path="src/ShopSphere.Infrastructure/ShopSphere.Infrastructure.csproj" />
  <Project Path="src/ShopSphere.Persistence/ShopSphere.Persistence.csproj" />
  <Project Path="tests/ShopSphere.Tests/ShopSphere.Tests.csproj" />
  <Project Path="src/ShopSphere.Web/ShopSphere.Web.csproj" />
</Solution>
